
Microsoft Visual Studio Solution File, Format Version 12.00
# Visual Studio Version 17
VisualStudioVersion = 17.9.34902.65
MinimumVisualStudioVersion = 10.0.40219.1
Project("{9A19103F-16F7-4668-BE54-9A1E7A4F7556}") = "1- Encapsulate What Varies", "1- Encapsulate What Varies\1- Encapsulate What Varies.csproj", "{35A60CCB-4637-483E-A42E-FABA6C949784}"
EndProject
Project("{9A19103F-16F7-4668-BE54-9A1E7A4F7556}") = "2- Composition - Inheritance", "2- Composition - Inheritance\2- Composition - Inheritance.csproj", "{889B04DB-8A88-44EE-9EAD-D5B09E848EB6}"
EndProject
Project("{9A19103F-16F7-4668-BE54-9A1E7A4F7556}") = "3- Loose - Tight Coupling", "3- Loose - Tight Coupling\3- Loose - Tight Coupling.csproj", "{CE6CCAD2-B12B-47D1-B51E-1A5D09A27BBF}"
EndProject
Project("{9A19103F-16F7-4668-BE54-9A1E7A4F7556}") = "4- Single Responsibility", "4- Single Responsibility\4- Single Responsibility.csproj", "{E61300D0-4602-4EB8-9AEF-98316EBCD078}"
EndProject
Project("{9A19103F-16F7-4668-BE54-9A1E7A4F7556}") = "5- Open Closed", "5- Open Closed\5- Open Closed.csproj", "{09B8B5BF-6755-41D9-B629-62142293A2B6}"
EndProject
Project("{9A19103F-16F7-4668-BE54-9A1E7A4F7556}") = "6- Liskov substitution", "6- Liskov substitution\6- Liskov substitution.csproj", "{64F2DC1B-F233-4435-AE37-13606B188221}"
EndProject
Project("{9A19103F-16F7-4668-BE54-9A1E7A4F7556}") = "7- Interface Segregation", "7- Interface Segregation\7- Interface Segregation.csproj", "{3848D65D-1123-4261-81DD-2645CDA3EDFB}"
EndProject
Project("{FAE04EC0-301F-11D3-BF4B-00C04F79EFBC}") = "8- Dependency Inversion", "8- Dependency Inversion\8- Dependency Inversion.csproj", "{14A97240-BCC0-4173-ADA6-FEA352333721}"
EndProject
Global
	GlobalSection(SolutionConfigurationPlatforms) = preSolution
		Debug|Any CPU = Debug|Any CPU
		Release|Any CPU = Release|Any CPU
	EndGlobalSection
	GlobalSection(ProjectConfigurationPlatforms) = postSolution
		{35A60CCB-4637-483E-A42E-FABA6C949784}.Debug|Any CPU.ActiveCfg = Debug|Any CPU
		{35A60CCB-4637-483E-A42E-FABA6C949784}.Debug|Any CPU.Build.0 = Debug|Any CPU
		{35A60CCB-4637-483E-A42E-FABA6C949784}.Release|Any CPU.ActiveCfg = Release|Any CPU
		{35A60CCB-4637-483E-A42E-FABA6C949784}.Release|Any CPU.Build.0 = Release|Any CPU
		{889B04DB-8A88-44EE-9EAD-D5B09E848EB6}.Debug|Any CPU.ActiveCfg = Debug|Any CPU
		{889B04DB-8A88-44EE-9EAD-D5B09E848EB6}.Debug|Any CPU.Build.0 = Debug|Any CPU
		{889B04DB-8A88-44EE-9EAD-D5B09E848EB6}.Release|Any CPU.ActiveCfg = Release|Any CPU
		{889B04DB-8A88-44EE-9EAD-D5B09E848EB6}.Release|Any CPU.Build.0 = Release|Any CPU
		{CE6CCAD2-B12B-47D1-B51E-1A5D09A27BBF}.Debug|Any CPU.ActiveCfg = Debug|Any CPU
		{CE6CCAD2-B12B-47D1-B51E-1A5D09A27BBF}.Debug|Any CPU.Build.0 = Debug|Any CPU
		{CE6CCAD2-B12B-47D1-B51E-1A5D09A27BBF}.Release|Any CPU.ActiveCfg = Release|Any CPU
		{CE6CCAD2-B12B-47D1-B51E-1A5D09A27BBF}.Release|Any CPU.Build.0 = Release|Any CPU
		{E61300D0-4602-4EB8-9AEF-98316EBCD078}.Debug|Any CPU.ActiveCfg = Debug|Any CPU
		{E61300D0-4602-4EB8-9AEF-98316EBCD078}.Debug|Any CPU.Build.0 = Debug|Any CPU
		{E61300D0-4602-4EB8-9AEF-98316EBCD078}.Release|Any CPU.ActiveCfg = Release|Any CPU
		{E61300D0-4602-4EB8-9AEF-98316EBCD078}.Release|Any CPU.Build.0 = Release|Any CPU
		{09B8B5BF-6755-41D9-B629-62142293A2B6}.Debug|Any CPU.ActiveCfg = Debug|Any CPU
		{09B8B5BF-6755-41D9-B629-62142293A2B6}.Debug|Any CPU.Build.0 = Debug|Any CPU
		{09B8B5BF-6755-41D9-B629-62142293A2B6}.Release|Any CPU.ActiveCfg = Release|Any CPU
		{09B8B5BF-6755-41D9-B629-62142293A2B6}.Release|Any CPU.Build.0 = Release|Any CPU
		{64F2DC1B-F233-4435-AE37-13606B188221}.Debug|Any CPU.ActiveCfg = Debug|Any CPU
		{64F2DC1B-F233-4435-AE37-13606B188221}.Debug|Any CPU.Build.0 = Debug|Any CPU
		{64F2DC1B-F233-4435-AE37-13606B188221}.Release|Any CPU.ActiveCfg = Release|Any CPU
		{64F2DC1B-F233-4435-AE37-13606B188221}.Release|Any CPU.Build.0 = Release|Any CPU
		{3848D65D-1123-4261-81DD-2645CDA3EDFB}.Debug|Any CPU.ActiveCfg = Debug|Any CPU
		{3848D65D-1123-4261-81DD-2645CDA3EDFB}.Debug|Any CPU.Build.0 = Debug|Any CPU
		{3848D65D-1123-4261-81DD-2645CDA3EDFB}.Release|Any CPU.ActiveCfg = Release|Any CPU
		{3848D65D-1123-4261-81DD-2645CDA3EDFB}.Release|Any CPU.Build.0 = Release|Any CPU
		{14A97240-BCC0-4173-ADA6-FEA352333721}.Debug|Any CPU.ActiveCfg = Debug|Any CPU
		{14A97240-BCC0-4173-ADA6-FEA352333721}.Debug|Any CPU.Build.0 = Debug|Any CPU
		{14A97240-BCC0-4173-ADA6-FEA352333721}.Release|Any CPU.ActiveCfg = Release|Any CPU
		{14A97240-BCC0-4173-ADA6-FEA352333721}.Release|Any CPU.Build.0 = Release|Any CPU
	EndGlobalSection
	GlobalSection(SolutionProperties) = preSolution
		HideSolutionNode = FALSE
	EndGlobalSection
	GlobalSection(ExtensibilityGlobals) = postSolution
		SolutionGuid = {1241C9B6-50AF-473F-8094-A6BDF94FDC97}
	EndGlobalSection
EndGlobal
